#MicroXplorer Configuration settings - do not modify
CAD.formats=
CAD.pinconfig=
CAD.provider=
Dma.I2C2_RX.2.Direction=DMA_PERIPH_TO_MEMORY
Dma.I2C2_RX.2.EventEnable=DISABLE
Dma.I2C2_RX.2.Instance=DMA2_Channel4
Dma.I2C2_RX.2.MemDataAlignment=DMA_MDATAALIGN_BYTE
Dma.I2C2_RX.2.MemInc=DMA_MINC_ENABLE
Dma.I2C2_RX.2.Mode=DMA_NORMAL
Dma.I2C2_RX.2.PeriphDataAlignment=DMA_PDATAALIGN_BYTE
Dma.I2C2_RX.2.PeriphInc=DMA_PINC_DISABLE
Dma.I2C2_RX.2.Polarity=HAL_DMAMUX_REQ_GEN_RISING
Dma.I2C2_RX.2.Priority=DMA_PRIORITY_HIGH
Dma.I2C2_RX.2.RequestNumber=1
Dma.I2C2_RX.2.RequestParameters=Instance,Direction,PeriphInc,MemInc,PeriphDataAlignment,MemDataAlignment,Mode,Priority,SignalID,Polarity,RequestNumber,SyncSignalID,SyncPolarity,SyncEnable,EventEnable,SyncRequestNumber
Dma.I2C2_RX.2.SignalID=NONE
Dma.I2C2_RX.2.SyncEnable=DISABLE
Dma.I2C2_RX.2.SyncPolarity=HAL_DMAMUX_SYNC_NO_EVENT
Dma.I2C2_RX.2.SyncRequestNumber=1
Dma.I2C2_RX.2.SyncSignalID=NONE
Dma.I2C2_TX.3.Direction=DMA_MEMORY_TO_PERIPH
Dma.I2C2_TX.3.EventEnable=DISABLE
Dma.I2C2_TX.3.Instance=DMA2_Channel3
Dma.I2C2_TX.3.MemDataAlignment=DMA_MDATAALIGN_BYTE
Dma.I2C2_TX.3.MemInc=DMA_MINC_ENABLE
Dma.I2C2_TX.3.Mode=DMA_NORMAL
Dma.I2C2_TX.3.PeriphDataAlignment=DMA_PDATAALIGN_BYTE
Dma.I2C2_TX.3.PeriphInc=DMA_PINC_DISABLE
Dma.I2C2_TX.3.Polarity=HAL_DMAMUX_REQ_GEN_RISING
Dma.I2C2_TX.3.Priority=DMA_PRIORITY_HIGH
Dma.I2C2_TX.3.RequestNumber=1
Dma.I2C2_TX.3.RequestParameters=Instance,Direction,PeriphInc,MemInc,PeriphDataAlignment,MemDataAlignment,Mode,Priority,SignalID,Polarity,RequestNumber,SyncSignalID,SyncPolarity,SyncEnable,EventEnable,SyncRequestNumber
Dma.I2C2_TX.3.SignalID=NONE
Dma.I2C2_TX.3.SyncEnable=DISABLE
Dma.I2C2_TX.3.SyncPolarity=HAL_DMAMUX_SYNC_NO_EVENT
Dma.I2C2_TX.3.SyncRequestNumber=1
Dma.I2C2_TX.3.SyncSignalID=NONE
Dma.Request0=UART4_RX
Dma.Request1=UART4_TX
Dma.Request2=I2C2_RX
Dma.Request3=I2C2_TX
Dma.RequestsNb=4
Dma.UART4_RX.0.Direction=DMA_PERIPH_TO_MEMORY
Dma.UART4_RX.0.EventEnable=DISABLE
Dma.UART4_RX.0.Instance=DMA1_Channel1
Dma.UART4_RX.0.MemDataAlignment=DMA_MDATAALIGN_BYTE
Dma.UART4_RX.0.MemInc=DMA_MINC_ENABLE
Dma.UART4_RX.0.Mode=DMA_NORMAL
Dma.UART4_RX.0.PeriphDataAlignment=DMA_PDATAALIGN_BYTE
Dma.UART4_RX.0.PeriphInc=DMA_PINC_DISABLE
Dma.UART4_RX.0.Polarity=HAL_DMAMUX_REQ_GEN_RISING
Dma.UART4_RX.0.Priority=DMA_PRIORITY_HIGH
Dma.UART4_RX.0.RequestNumber=1
Dma.UART4_RX.0.RequestParameters=Instance,Direction,PeriphInc,MemInc,PeriphDataAlignment,MemDataAlignment,Mode,Priority,SignalID,Polarity,RequestNumber,SyncSignalID,SyncPolarity,SyncEnable,EventEnable,SyncRequestNumber
Dma.UART4_RX.0.SignalID=NONE
Dma.UART4_RX.0.SyncEnable=DISABLE
Dma.UART4_RX.0.SyncPolarity=HAL_DMAMUX_SYNC_NO_EVENT
Dma.UART4_RX.0.SyncRequestNumber=1
Dma.UART4_RX.0.SyncSignalID=NONE
Dma.UART4_TX.1.Direction=DMA_MEMORY_TO_PERIPH
Dma.UART4_TX.1.EventEnable=DISABLE
Dma.UART4_TX.1.Instance=DMA1_Channel2
Dma.UART4_TX.1.MemDataAlignment=DMA_MDATAALIGN_BYTE
Dma.UART4_TX.1.MemInc=DMA_MINC_ENABLE
Dma.UART4_TX.1.Mode=DMA_NORMAL
Dma.UART4_TX.1.PeriphDataAlignment=DMA_PDATAALIGN_BYTE
Dma.UART4_TX.1.PeriphInc=DMA_PINC_DISABLE
Dma.UART4_TX.1.Polarity=HAL_DMAMUX_REQ_GEN_RISING
Dma.UART4_TX.1.Priority=DMA_PRIORITY_HIGH
Dma.UART4_TX.1.RequestNumber=1
Dma.UART4_TX.1.RequestParameters=Instance,Direction,PeriphInc,MemInc,PeriphDataAlignment,MemDataAlignment,Mode,Priority,SignalID,Polarity,RequestNumber,SyncSignalID,SyncPolarity,SyncEnable,EventEnable,SyncRequestNumber
Dma.UART4_TX.1.SignalID=NONE
Dma.UART4_TX.1.SyncEnable=DISABLE
Dma.UART4_TX.1.SyncPolarity=HAL_DMAMUX_SYNC_NO_EVENT
Dma.UART4_TX.1.SyncRequestNumber=1
Dma.UART4_TX.1.SyncSignalID=NONE
File.Version=6
GPIO.groupedBy=Group By Peripherals
I2C2.I2C_Speed_Mode=I2C_Fast
I2C2.IPParameters=Timing,I2C_Speed_Mode
I2C2.Timing=0x40621236
KeepUserPlacement=false
Mcu.CPN=STM32G431C8U6
Mcu.Family=STM32G4
Mcu.IP0=CRC
Mcu.IP1=DMA
Mcu.IP10=USB
Mcu.IP11=USB_DEVICE
Mcu.IP2=I2C2
Mcu.IP3=NVIC
Mcu.IP4=RCC
Mcu.IP5=SYS
Mcu.IP6=TIM1
Mcu.IP7=TIM2
Mcu.IP8=TIM8
Mcu.IP9=UART4
Mcu.IPNb=12
Mcu.Name=STM32G431C(6-8-B)Ux
Mcu.Package=UFQFPN48
Mcu.Pin0=PF0-OSC_IN
Mcu.Pin1=PA1
Mcu.Pin10=PA8
Mcu.Pin11=PA9
Mcu.Pin12=PA11
Mcu.Pin13=PA12
Mcu.Pin14=PA13
Mcu.Pin15=PA14
Mcu.Pin16=PA15
Mcu.Pin17=PC10
Mcu.Pin18=PC11
Mcu.Pin19=PB4
Mcu.Pin2=PA3
Mcu.Pin20=PB5
Mcu.Pin21=PB7
Mcu.Pin22=VP_CRC_VS_CRC
Mcu.Pin23=VP_SYS_VS_Systick
Mcu.Pin24=VP_SYS_VS_DBSignals
Mcu.Pin25=VP_TIM1_VS_ClockSourceINT
Mcu.Pin26=VP_TIM2_VS_ClockSourceINT
Mcu.Pin27=VP_TIM8_VS_ClockSourceINT
Mcu.Pin28=VP_USB_DEVICE_VS_USB_DEVICE_CDC_FS
Mcu.Pin3=PB0
Mcu.Pin4=PB1
Mcu.Pin5=PB2
Mcu.Pin6=PB12
Mcu.Pin7=PB13
Mcu.Pin8=PB14
Mcu.Pin9=PB15
Mcu.PinsNb=29
Mcu.ThirdPartyNb=0
Mcu.UserConstants=
Mcu.UserName=STM32G431C8Ux
MxCube.Version=6.15.0
MxDb.Version=DB.6.0.150
NVIC.BusFault_IRQn=true\:0\:0\:false\:false\:true\:false\:false\:false
NVIC.DMA1_Channel1_IRQn=true\:0\:0\:false\:false\:true\:false\:true\:true
NVIC.DMA1_Channel2_IRQn=true\:0\:0\:false\:false\:true\:false\:true\:true
NVIC.DMA2_Channel3_IRQn=true\:0\:0\:false\:false\:true\:false\:true\:true
NVIC.DMA2_Channel4_IRQn=true\:0\:0\:false\:false\:true\:false\:true\:true
NVIC.DebugMonitor_IRQn=true\:0\:0\:false\:false\:true\:false\:false\:false
NVIC.EXTI15_10_IRQn=true\:1\:0\:true\:false\:true\:true\:true\:true
NVIC.EXTI1_IRQn=true\:1\:0\:true\:false\:true\:true\:true\:true
NVIC.ForceEnableDMAVector=true
NVIC.HardFault_IRQn=true\:0\:0\:false\:false\:true\:false\:false\:false
NVIC.I2C2_ER_IRQn=true\:0\:0\:false\:false\:true\:true\:true\:true
NVIC.I2C2_EV_IRQn=true\:0\:0\:false\:false\:true\:true\:true\:true
NVIC.MemoryManagement_IRQn=true\:0\:0\:false\:false\:true\:false\:false\:false
NVIC.NonMaskableInt_IRQn=true\:0\:0\:false\:false\:true\:false\:false\:false
NVIC.PendSV_IRQn=true\:0\:0\:false\:false\:true\:false\:false\:false
NVIC.PriorityGroup=NVIC_PRIORITYGROUP_4
NVIC.SVCall_IRQn=true\:0\:0\:false\:false\:true\:false\:false\:false
NVIC.SysTick_IRQn=true\:15\:0\:false\:false\:true\:false\:true\:false
NVIC.TIM1_UP_TIM16_IRQn=true\:0\:0\:false\:false\:true\:true\:true\:true
NVIC.TIM2_IRQn=true\:0\:0\:false\:false\:true\:true\:true\:true
NVIC.TIM8_UP_IRQn=true\:0\:0\:false\:false\:true\:true\:true\:true
NVIC.UART4_IRQn=true\:0\:0\:false\:false\:true\:false\:true\:true
NVIC.USB_LP_IRQn=true\:0\:0\:false\:false\:true\:true\:true\:true
NVIC.UsageFault_IRQn=true\:0\:0\:false\:false\:true\:false\:false\:false
PA1.GPIOParameters=GPIO_PuPd,GPIO_ModeDefaultEXTI
PA1.GPIO_ModeDefaultEXTI=GPIO_MODE_IT_FALLING
PA1.GPIO_PuPd=GPIO_PULLUP
PA1.Locked=true
PA1.Signal=GPXTI1
PA11.Mode=Device
PA11.Signal=USB_DM
PA12.Mode=Device
PA12.Signal=USB_DP
PA13.Mode=Serial_Wire
PA13.Signal=SYS_JTMS-SWDIO
PA14.Mode=Serial_Wire
PA14.Signal=SYS_JTCK-SWCLK
PA15.GPIOParameters=GPIO_Speed
PA15.GPIO_Speed=GPIO_SPEED_FREQ_VERY_HIGH
PA15.Mode=Hardware Flow Control (RS485)
PA15.Signal=UART4_DE
PA3.GPIOParameters=GPIO_PuPd
PA3.GPIO_PuPd=GPIO_PULLDOWN
PA3.Locked=true
PA3.Signal=GPIO_Output
PA8.Mode=I2C
PA8.Signal=I2C2_SDA
PA9.GPIOParameters=GPIO_Speed
PA9.GPIO_Speed=GPIO_SPEED_FREQ_MEDIUM
PA9.Locked=true
PA9.Mode=I2C
PA9.Signal=I2C2_SCL
PB0.Locked=true
PB0.Signal=GPIO_Input
PB1.Locked=true
PB1.Signal=GPIO_Input
PB12.GPIOParameters=GPIO_ModeDefaultEXTI
PB12.GPIO_ModeDefaultEXTI=GPIO_MODE_IT_FALLING
PB12.Locked=true
PB12.Signal=GPXTI12
PB13.GPIOParameters=GPIO_ModeDefaultEXTI
PB13.GPIO_ModeDefaultEXTI=GPIO_MODE_IT_FALLING
PB13.Locked=true
PB13.Signal=GPXTI13
PB14.GPIOParameters=GPIO_ModeDefaultEXTI
PB14.GPIO_ModeDefaultEXTI=GPIO_MODE_IT_FALLING
PB14.Locked=true
PB14.Signal=GPXTI14
PB15.GPIOParameters=GPIO_ModeDefaultEXTI
PB15.GPIO_ModeDefaultEXTI=GPIO_MODE_IT_RISING_FALLING
PB15.Locked=true
PB15.Signal=GPXTI15
PB2.Locked=true
PB2.Signal=GPIO_Input
PB4.GPIOParameters=GPIO_Speed,PinState
PB4.GPIO_Speed=GPIO_SPEED_FREQ_HIGH
PB4.Locked=true
PB4.PinState=GPIO_PIN_SET
PB4.Signal=GPIO_Output
PB5.GPIOParameters=GPIO_Speed,PinState
PB5.GPIO_Speed=GPIO_SPEED_FREQ_HIGH
PB5.Locked=true
PB5.PinState=GPIO_PIN_SET
PB5.Signal=GPIO_Output
PB7.GPIOParameters=GPIO_Speed,PinState
PB7.GPIO_Speed=GPIO_SPEED_FREQ_HIGH
PB7.Locked=true
PB7.PinState=GPIO_PIN_SET
PB7.Signal=GPIO_Output
PC10.GPIOParameters=GPIO_Speed
PC10.GPIO_Speed=GPIO_SPEED_FREQ_VERY_HIGH
PC10.Mode=Asynchronous
PC10.Signal=UART4_TX
PC11.GPIOParameters=GPIO_Speed
PC11.GPIO_Speed=GPIO_SPEED_FREQ_VERY_HIGH
PC11.Mode=Asynchronous
PC11.Signal=UART4_RX
PF0-OSC_IN.Mode=HSE-External-Clock-Source
PF0-OSC_IN.Signal=RCC_OSC_IN
PinOutPanel.RotationAngle=0
ProjectManager.AskForMigrate=true
ProjectManager.BackupPrevious=false
ProjectManager.CompilerLinker=GCC
ProjectManager.CompilerOptimize=6
ProjectManager.ComputerToolchain=false
ProjectManager.CoupleFile=true
ProjectManager.CustomerFirmwarePackage=
ProjectManager.DefaultFWLocation=true
ProjectManager.DeletePrevious=true
ProjectManager.DeviceId=STM32G431C8Ux
ProjectManager.FirmwarePackage=STM32Cube FW_G4 V1.6.1
ProjectManager.FreePins=true
ProjectManager.HalAssertFull=false
ProjectManager.HeapSize=0x800
ProjectManager.KeepUserCode=true
ProjectManager.LastFirmware=true
ProjectManager.LibraryCopy=1
ProjectManager.MainLocation=Core/Src
ProjectManager.NoMain=false
ProjectManager.PreviousToolchain=
ProjectManager.ProjectBuild=false
ProjectManager.ProjectFileName=MainTest_MYCODE.ioc
ProjectManager.ProjectName=MainTest_MYCODE
ProjectManager.ProjectStructure=
ProjectManager.RegisterCallBack=
ProjectManager.StackSize=0x1000
ProjectManager.TargetToolchain=MDK-ARM V5.32
ProjectManager.ToolChainLocation=
ProjectManager.UAScriptAfterPath=
ProjectManager.UAScriptBeforePath=
ProjectManager.UnderRoot=false
ProjectManager.functionlistsort=1-SystemClock_Config-RCC-false-HAL-false,2-MX_GPIO_Init-GPIO-false-HAL-true,3-MX_DMA_Init-DMA-false-HAL-true,4-MX_TIM1_Init-TIM1-false-HAL-true,5-MX_TIM2_Init-TIM2-false-HAL-true,6-MX_TIM8_Init-TIM8-false-HAL-true,7-MX_UART4_Init-UART4-false-HAL-true,8-MX_I2C2_Init-I2C2-false-HAL-true,9-MX_CRC_Init-CRC-false-HAL-true,10-MX_USB_Device_Init-USB_DEVICE-false-HAL-false
RCC.ADC12Freq_Value=170000000
RCC.AHBFreq_Value=170000000
RCC.APB1Freq_Value=170000000
RCC.APB1TimFreq_Value=170000000
RCC.APB2Freq_Value=170000000
RCC.APB2TimFreq_Value=170000000
RCC.CK48CLockSelection=RCC_USBCLKSOURCE_HSI48
RCC.CRSFreq_Value=48000000
RCC.CortexFreq_Value=170000000
RCC.EXTERNAL_CLOCK_VALUE=12288000
RCC.FCLKCortexFreq_Value=170000000
RCC.FDCANFreq_Value=170000000
RCC.FamilyName=M
RCC.HCLKFreq_Value=170000000
RCC.HSE_VALUE=24000000
RCC.HSI48_VALUE=48000000
RCC.HSI_VALUE=16000000
RCC.I2C1Freq_Value=170000000
RCC.I2C2Freq_Value=170000000
RCC.I2C3Freq_Value=170000000
RCC.I2SFreq_Value=170000000
RCC.IPParameters=ADC12Freq_Value,AHBFreq_Value,APB1Freq_Value,APB1TimFreq_Value,APB2Freq_Value,APB2TimFreq_Value,CK48CLockSelection,CRSFreq_Value,CortexFreq_Value,EXTERNAL_CLOCK_VALUE,FCLKCortexFreq_Value,FDCANFreq_Value,FamilyName,HCLKFreq_Value,HSE_VALUE,HSI48_VALUE,HSI_VALUE,I2C1Freq_Value,I2C2Freq_Value,I2C3Freq_Value,I2SFreq_Value,LPTIM1Freq_Value,LPUART1Freq_Value,LSCOPinFreq_Value,LSE_VALUE,LSI_VALUE,MCO1PinFreq_Value,PLLM,PLLN,PLLPoutputFreq_Value,PLLQoutputFreq_Value,PLLRCLKFreq_Value,PLLSourceVirtual,PWRFreq_Value,RNGFreq_Value,SAI1Freq_Value,SYSCLKFreq_VALUE,SYSCLKSource,UART4Freq_Value,USART1Freq_Value,USART2Freq_Value,USART3Freq_Value,USBFreq_Value,VCOInputFreq_Value,VCOOutputFreq_Value
RCC.LPTIM1Freq_Value=170000000
RCC.LPUART1Freq_Value=170000000
RCC.LSCOPinFreq_Value=32000
RCC.LSE_VALUE=32768
RCC.LSI_VALUE=32000
RCC.MCO1PinFreq_Value=16000000
RCC.PLLM=RCC_PLLM_DIV6
RCC.PLLN=85
RCC.PLLPoutputFreq_Value=170000000
RCC.PLLQoutputFreq_Value=170000000
RCC.PLLRCLKFreq_Value=170000000
RCC.PLLSourceVirtual=RCC_PLLSOURCE_HSE
RCC.PWRFreq_Value=170000000
RCC.RNGFreq_Value=48000000
RCC.SAI1Freq_Value=170000000
RCC.SYSCLKFreq_VALUE=170000000
RCC.SYSCLKSource=RCC_SYSCLKSOURCE_PLLCLK
RCC.UART4Freq_Value=170000000
RCC.USART1Freq_Value=170000000
RCC.USART2Freq_Value=170000000
RCC.USART3Freq_Value=170000000
RCC.USBFreq_Value=48000000
RCC.VCOInputFreq_Value=4000000
RCC.VCOOutputFreq_Value=340000000
SH.GPXTI1.0=GPIO_EXTI1
SH.GPXTI1.ConfNb=1
SH.GPXTI12.0=GPIO_EXTI12
SH.GPXTI12.ConfNb=1
SH.GPXTI13.0=GPIO_EXTI13
SH.GPXTI13.ConfNb=1
SH.GPXTI14.0=GPIO_EXTI14
SH.GPXTI14.ConfNb=1
SH.GPXTI15.0=GPIO_EXTI15
SH.GPXTI15.ConfNb=1
TIM1.IPParameters=Prescaler,PeriodNoDither
TIM1.PeriodNoDither=5000-1
TIM1.Prescaler=17000-1
TIM2.AutoReloadPreload=TIM_AUTORELOAD_PRELOAD_ENABLE
TIM2.IPParameters=Prescaler,PeriodNoDither,AutoReloadPreload,TIM_MasterOutputTrigger
TIM2.PeriodNoDither=1000000000-1
TIM2.Prescaler=170-1
TIM2.TIM_MasterOutputTrigger=TIM_TRGO_RESET
TIM8.IPParameters=Prescaler,PeriodNoDither
TIM8.PeriodNoDither=10000-1
TIM8.Prescaler=17000-1
UART4.BaudRate=4000000
UART4.IPParameters=BaudRate
USB_DEVICE.CLASS_NAME_FS=CDC
USB_DEVICE.IPParameters=VirtualMode,VirtualModeFS,CLASS_NAME_FS
USB_DEVICE.VirtualMode=Cdc
USB_DEVICE.VirtualModeFS=Cdc_FS
VP_CRC_VS_CRC.Mode=CRC_Activate
VP_CRC_VS_CRC.Signal=CRC_VS_CRC
VP_SYS_VS_DBSignals.Mode=DisableDeadBatterySignals
VP_SYS_VS_DBSignals.Signal=SYS_VS_DBSignals
VP_SYS_VS_Systick.Mode=SysTick
VP_SYS_VS_Systick.Signal=SYS_VS_Systick
VP_TIM1_VS_ClockSourceINT.Mode=Internal
VP_TIM1_VS_ClockSourceINT.Signal=TIM1_VS_ClockSourceINT
VP_TIM2_VS_ClockSourceINT.Mode=Internal
VP_TIM2_VS_ClockSourceINT.Signal=TIM2_VS_ClockSourceINT
VP_TIM8_VS_ClockSourceINT.Mode=Internal
VP_TIM8_VS_ClockSourceINT.Signal=TIM8_VS_ClockSourceINT
VP_USB_DEVICE_VS_USB_DEVICE_CDC_FS.Mode=CDC_FS
VP_USB_DEVICE_VS_USB_DEVICE_CDC_FS.Signal=USB_DEVICE_VS_USB_DEVICE_CDC_FS
board=custom
